{
  "requires": true,
  "lockfileVersion": 1,
  "dependencies": {
    "nelsonagamata-palindrome": {
      "version": "0.1.0",
      "resolved": "https://registry.npmjs.org/nelsonagamata-palindrome/-/nelsonagamata-palindrome-0.1.0.tgz",
      "integrity": "sha512-GrMN6oKEaauTvr3UwZJQrdzgylD8WYt1qvNjunVM6dYmMAbfmciFXsNW0Ww6x0O8LP/eDgmLBghJ5sb5FSy0gA=="
    }
  }
}
